
Microsoft Visual Studio Solution File, Format Version 12.00
# Visual Studio Version 17
VisualStudioVersion = 17.8.34511.84
MinimumVisualStudioVersion = 10.0.40219.1
Project("{9A19103F-16F7-4668-BE54-9A1E7A4F7556}") = "Amazon.Apis", "Amazon.Apis\Amazon.Apis.csproj", "{2C20EBB1-8E70-4923-9164-B03A8AB21F2E}"
EndProject
Project("{9A19103F-16F7-4668-BE54-9A1E7A4F7556}") = "Amazon.Core", "Amazon.Core\Amazon.Core.csproj", "{F78E092D-6D7F-42AC-AFFB-FDB0E3F68B68}"
EndProject
Project("{9A19103F-16F7-4668-BE54-9A1E7A4F7556}") = "Amazon.Service", "Amazon.Service\Amazon.Service.csproj", "{DB332879-3A54-48FE-8BF4-6F30AE8F6346}"
EndProject
Project("{9A19103F-16F7-4668-BE54-9A1E7A4F7556}") = "Amazon.Infrastructure", "Amazon.Infrastructure\Amazon.Infrastructure.csproj", "{04367A90-DDEE-4E2D-8D81-2BA20A1A84D1}"
EndProject
Global
	GlobalSection(SolutionConfigurationPlatforms) = preSolution
		Debug|Any CPU = Debug|Any CPU
		Release|Any CPU = Release|Any CPU
	EndGlobalSection
	GlobalSection(ProjectConfigurationPlatforms) = postSolution
		{2C20EBB1-8E70-4923-9164-B03A8AB21F2E}.Debug|Any CPU.ActiveCfg = Debug|Any CPU
		{2C20EBB1-8E70-4923-9164-B03A8AB21F2E}.Debug|Any CPU.Build.0 = Debug|Any CPU
		{2C20EBB1-8E70-4923-9164-B03A8AB21F2E}.Release|Any CPU.ActiveCfg = Release|Any CPU
		{2C20EBB1-8E70-4923-9164-B03A8AB21F2E}.Release|Any CPU.Build.0 = Release|Any CPU
		{F78E092D-6D7F-42AC-AFFB-FDB0E3F68B68}.Debug|Any CPU.ActiveCfg = Debug|Any CPU
		{F78E092D-6D7F-42AC-AFFB-FDB0E3F68B68}.Debug|Any CPU.Build.0 = Debug|Any CPU
		{F78E092D-6D7F-42AC-AFFB-FDB0E3F68B68}.Release|Any CPU.ActiveCfg = Release|Any CPU
		{F78E092D-6D7F-42AC-AFFB-FDB0E3F68B68}.Release|Any CPU.Build.0 = Release|Any CPU
		{DB332879-3A54-48FE-8BF4-6F30AE8F6346}.Debug|Any CPU.ActiveCfg = Debug|Any CPU
		{DB332879-3A54-48FE-8BF4-6F30AE8F6346}.Debug|Any CPU.Build.0 = Debug|Any CPU
		{DB332879-3A54-48FE-8BF4-6F30AE8F6346}.Release|Any CPU.ActiveCfg = Release|Any CPU
		{DB332879-3A54-48FE-8BF4-6F30AE8F6346}.Release|Any CPU.Build.0 = Release|Any CPU
		{04367A90-DDEE-4E2D-8D81-2BA20A1A84D1}.Debug|Any CPU.ActiveCfg = Debug|Any CPU
		{04367A90-DDEE-4E2D-8D81-2BA20A1A84D1}.Debug|Any CPU.Build.0 = Debug|Any CPU
		{04367A90-DDEE-4E2D-8D81-2BA20A1A84D1}.Release|Any CPU.ActiveCfg = Release|Any CPU
		{04367A90-DDEE-4E2D-8D81-2BA20A1A84D1}.Release|Any CPU.Build.0 = Release|Any CPU
	EndGlobalSection
	GlobalSection(SolutionProperties) = preSolution
		HideSolutionNode = FALSE
	EndGlobalSection
	GlobalSection(ExtensibilityGlobals) = postSolution
		SolutionGuid = {26FC5A76-1200-4A3D-A9A2-0FE1BA14C911}
	EndGlobalSection
EndGlobal
